
Microsoft Visual Studio Solution File, Format Version 12.00
# Visual Studio Version 16
VisualStudioVersion = 16.0.31613.86
MinimumVisualStudioVersion = 10.0.40219.1
Project("{9A19103F-16F7-4668-BE54-9A1E7A4F7556}") = "yemek_maliyet_hesaplama", "yemek_maliyet_hesaplama\yemek_maliyet_hesaplama.csproj", "{81C83037-3A74-46F2-B35A-4F2FA4A2D9C1}"
EndProject
Global
	GlobalSection(SolutionConfigurationPlatforms) = preSolution
		Debug|Any CPU = Debug|Any CPU
		Release|Any CPU = Release|Any CPU
	EndGlobalSection
	GlobalSection(ProjectConfigurationPlatforms) = postSolution
		{81C83037-3A74-46F2-B35A-4F2FA4A2D9C1}.Debug|Any CPU.ActiveCfg = Debug|Any CPU
		{81C83037-3A74-46F2-B35A-4F2FA4A2D9C1}.Debug|Any CPU.Build.0 = Debug|Any CPU
		{81C83037-3A74-46F2-B35A-4F2FA4A2D9C1}.Release|Any CPU.ActiveCfg = Release|Any CPU
		{81C83037-3A74-46F2-B35A-4F2FA4A2D9C1}.Release|Any CPU.Build.0 = Release|Any CPU
	EndGlobalSection
	GlobalSection(SolutionProperties) = preSolution
		HideSolutionNode = FALSE
	EndGlobalSection
	GlobalSection(ExtensibilityGlobals) = postSolution
		SolutionGuid = {DFF6A6C3-246E-40BB-B627-C9F5F8646964}
	EndGlobalSection
EndGlobal
